
Microsoft Visual Studio Solution File, Format Version 12.00
Project("{FAE04EC0-301F-11D3-BF4B-00C04F79EFBC}") = "IEnumerator_Study", "IEnumerator_Study\IEnumerator_Study.csproj", "{4AA35B59-8EB9-4513-8EE7-D3BEB9B4D97B}"
EndProject
Global
	GlobalSection(SolutionConfigurationPlatforms) = preSolution
		Debug|Any CPU = Debug|Any CPU
		Release|Any CPU = Release|Any CPU
	EndGlobalSection
	GlobalSection(ProjectConfigurationPlatforms) = postSolution
		{4AA35B59-8EB9-4513-8EE7-D3BEB9B4D97B}.Debug|Any CPU.ActiveCfg = Debug|Any CPU
		{4AA35B59-8EB9-4513-8EE7-D3BEB9B4D97B}.Debug|Any CPU.Build.0 = Debug|Any CPU
		{4AA35B59-8EB9-4513-8EE7-D3BEB9B4D97B}.Release|Any CPU.ActiveCfg = Release|Any CPU
		{4AA35B59-8EB9-4513-8EE7-D3BEB9B4D97B}.Release|Any CPU.Build.0 = Release|Any CPU
	EndGlobalSection
EndGlobal
