
Microsoft Visual Studio Solution File, Format Version 12.00
Project("{FAE04EC0-301F-11D3-BF4B-00C04F79EFBC}") = "Reflection_Study", "Reflection_Study\Reflection_Study.csproj", "{F3186997-604D-4109-8123-F1BDB85311D6}"
EndProject
Global
	GlobalSection(SolutionConfigurationPlatforms) = preSolution
		Debug|Any CPU = Debug|Any CPU
		Release|Any CPU = Release|Any CPU
	EndGlobalSection
	GlobalSection(ProjectConfigurationPlatforms) = postSolution
		{F3186997-604D-4109-8123-F1BDB85311D6}.Debug|Any CPU.ActiveCfg = Debug|Any CPU
		{F3186997-604D-4109-8123-F1BDB85311D6}.Debug|Any CPU.Build.0 = Debug|Any CPU
		{F3186997-604D-4109-8123-F1BDB85311D6}.Release|Any CPU.ActiveCfg = Release|Any CPU
		{F3186997-604D-4109-8123-F1BDB85311D6}.Release|Any CPU.Build.0 = Release|Any CPU
	EndGlobalSection
EndGlobal
