
Microsoft Visual Studio Solution File, Format Version 12.00
Project("{FAE04EC0-301F-11D3-BF4B-00C04F79EFBC}") = "Thread_Study", "Thread_Study\Thread_Study.csproj", "{AC69EC20-5618-4FC9-83BB-100A64E88D95}"
EndProject
Global
	GlobalSection(SolutionConfigurationPlatforms) = preSolution
		Debug|Any CPU = Debug|Any CPU
		Release|Any CPU = Release|Any CPU
	EndGlobalSection
	GlobalSection(ProjectConfigurationPlatforms) = postSolution
		{AC69EC20-5618-4FC9-83BB-100A64E88D95}.Debug|Any CPU.ActiveCfg = Debug|Any CPU
		{AC69EC20-5618-4FC9-83BB-100A64E88D95}.Debug|Any CPU.Build.0 = Debug|Any CPU
		{AC69EC20-5618-4FC9-83BB-100A64E88D95}.Release|Any CPU.ActiveCfg = Release|Any CPU
		{AC69EC20-5618-4FC9-83BB-100A64E88D95}.Release|Any CPU.Build.0 = Release|Any CPU
	EndGlobalSection
EndGlobal
